
Microsoft Visual Studio Solution File, Format Version 12.00
# Visual Studio Version 17
VisualStudioVersion = 17.2.32516.85
MinimumVisualStudioVersion = 10.0.40219.1
Project("{9A19103F-16F7-4668-BE54-9A1E7A4F7556}") = "trackingapi", "trackingapi\trackingapi.csproj", "{A185A7A4-BEBB-49E7-AAF0-805F07D625B9}"
EndProject
Project("{FAE04EC0-301F-11D3-BF4B-00C04F79EFBC}") = "tracking.client", "tracking.client\tracking.client.csproj", "{415DF2C5-9744-4944-AECB-F74BE75EF05A}"
EndProject
Global
	GlobalSection(SolutionConfigurationPlatforms) = preSolution
		Debug|Any CPU = Debug|Any CPU
		Release|Any CPU = Release|Any CPU
	EndGlobalSection
	GlobalSection(ProjectConfigurationPlatforms) = postSolution
		{A185A7A4-BEBB-49E7-AAF0-805F07D625B9}.Debug|Any CPU.ActiveCfg = Debug|Any CPU
		{A185A7A4-BEBB-49E7-AAF0-805F07D625B9}.Debug|Any CPU.Build.0 = Debug|Any CPU
		{A185A7A4-BEBB-49E7-AAF0-805F07D625B9}.Release|Any CPU.ActiveCfg = Release|Any CPU
		{A185A7A4-BEBB-49E7-AAF0-805F07D625B9}.Release|Any CPU.Build.0 = Release|Any CPU
		{415DF2C5-9744-4944-AECB-F74BE75EF05A}.Debug|Any CPU.ActiveCfg = Debug|Any CPU
		{415DF2C5-9744-4944-AECB-F74BE75EF05A}.Debug|Any CPU.Build.0 = Debug|Any CPU
		{415DF2C5-9744-4944-AECB-F74BE75EF05A}.Release|Any CPU.ActiveCfg = Release|Any CPU
		{415DF2C5-9744-4944-AECB-F74BE75EF05A}.Release|Any CPU.Build.0 = Release|Any CPU
	EndGlobalSection
	GlobalSection(SolutionProperties) = preSolution
		HideSolutionNode = FALSE
	EndGlobalSection
	GlobalSection(ExtensibilityGlobals) = postSolution
		SolutionGuid = {E207D1C5-C450-4DBB-A64C-0645047AF21B}
	EndGlobalSection
EndGlobal
